{
  "name": "chat-room-case-study-published-smocket",
  "lockfileVersion": 3,
  "requires": true,
  "packages": {
    "": {
      "name": "chat-room-case-study-published-smocket",
      "dependencies": {
        "smocket": "0.5.1"
      },
      "engines": {
        "node": ">=20"
      }
    },
    "node_modules/smocket": {
      "version": "0.5.1",
      "resolved": "https://registry.npmjs.org/smocket/-/smocket-0.5.1.tgz",
      "integrity": "sha512-MPlruOtqWEAE9ki887fn9lHbrau4lYDOFFhsD6M6pvb3/6g41x0SDtxplWz4PT/nAgsQT7wqWCqYQokvTTmS6g==",
      "license": "MIT",
      "engines": {
        "node": ">=20"
      }
    }
  }
}
