{
  "name": "chat-room-case-study-published-smocket",
  "lockfileVersion": 3,
  "requires": true,
  "packages": {
    "": {
      "name": "chat-room-case-study-published-smocket",
      "dependencies": {
        "smocket": "0.4.2"
      },
      "engines": {
        "node": ">=20"
      }
    },
    "node_modules/smocket": {
      "version": "0.4.2",
      "resolved": "https://registry.npmjs.org/smocket/-/smocket-0.4.2.tgz",
      "integrity": "sha512-OTHqHmkJFVsXAy63TqG7oAvN5eDP8H4KFMuMBx6QTZC1zHXFVSn/WCQiGfeH8cHnAoJlzISTJfZ+grUn5LNPLQ==",
      "license": "MIT",
      "engines": {
        "node": ">=20"
      }
    }
  }
}
