{
  "name": "smocket-unused-runtime-dependency-negative-fixture",
  "version": "0.0.0",
  "lockfileVersion": 3,
  "requires": true,
  "packages": {
    "": {
      "name": "smocket-unused-runtime-dependency-negative-fixture",
      "version": "0.0.0",
      "dependencies": {
        "unused-runtime-dependency": "file:./dependency"
      }
    },
    "dependency": {
      "name": "unused-runtime-dependency",
      "version": "1.0.0"
    },
    "node_modules/unused-runtime-dependency": {
      "resolved": "dependency",
      "link": true
    }
  }
}
